
Microsoft Visual Studio Solution File, Format Version 12.00
# Visual Studio Version 17
VisualStudioVersion = 17.7.34202.233
MinimumVisualStudioVersion = 10.0.40219.1
Project("{888888A0-9F3D-457C-B088-3A5042F75D52}") = "ESM_XMLUtil", "ESM_XMLUtil.pyproj", "{15E1C01B-E5D7-4CB2-AE32-963C1C83F836}"
EndProject
Project("{2150E333-8FDC-42A3-9474-1A3956D46DE8}") = "솔루션 항목", "솔루션 항목", "{39C8539D-99EF-4617-A188-67DA970E3DDF}"
	ProjectSection(SolutionItems) = preProject
		ESM_XMLUtil.py = ESM_XMLUtil.py
	EndProjectSection
EndProject
Global
	GlobalSection(SolutionConfigurationPlatforms) = preSolution
		Debug|Any CPU = Debug|Any CPU
		Release|Any CPU = Release|Any CPU
	EndGlobalSection
	GlobalSection(ProjectConfigurationPlatforms) = postSolution
		{15E1C01B-E5D7-4CB2-AE32-963C1C83F836}.Debug|Any CPU.ActiveCfg = Debug|Any CPU
		{15E1C01B-E5D7-4CB2-AE32-963C1C83F836}.Release|Any CPU.ActiveCfg = Release|Any CPU
	EndGlobalSection
	GlobalSection(SolutionProperties) = preSolution
		HideSolutionNode = FALSE
	EndGlobalSection
	GlobalSection(ExtensibilityGlobals) = postSolution
		SolutionGuid = {8EACC045-21F8-4664-9038-4EA4E6977A40}
	EndGlobalSection
EndGlobal
